
Microsoft Visual Studio Solution File, Format Version 12.00
# Visual Studio Version 17
VisualStudioVersion = 17.5.33516.290
MinimumVisualStudioVersion = 10.0.40219.1
Project("{FAE04EC0-301F-11D3-BF4B-00C04F79EFBC}") = "Dz2", "Dz2\Dz2.csproj", "{34B73CE6-191B-4286-8577-0B2F8B550F09}"
EndProject
Global
	GlobalSection(SolutionConfigurationPlatforms) = preSolution
		Debug|Any CPU = Debug|Any CPU
		Release|Any CPU = Release|Any CPU
	EndGlobalSection
	GlobalSection(ProjectConfigurationPlatforms) = postSolution
		{34B73CE6-191B-4286-8577-0B2F8B550F09}.Debug|Any CPU.ActiveCfg = Debug|Any CPU
		{34B73CE6-191B-4286-8577-0B2F8B550F09}.Debug|Any CPU.Build.0 = Debug|Any CPU
		{34B73CE6-191B-4286-8577-0B2F8B550F09}.Release|Any CPU.ActiveCfg = Release|Any CPU
		{34B73CE6-191B-4286-8577-0B2F8B550F09}.Release|Any CPU.Build.0 = Release|Any CPU
	EndGlobalSection
	GlobalSection(SolutionProperties) = preSolution
		HideSolutionNode = FALSE
	EndGlobalSection
	GlobalSection(ExtensibilityGlobals) = postSolution
		SolutionGuid = {DDCFB10F-B077-48DE-A665-4BFF9C02C72D}
	EndGlobalSection
EndGlobal
